
Microsoft Visual Studio Solution File, Format Version 12.00
# Visual Studio Version 16
VisualStudioVersion = 16.0.28721.148
MinimumVisualStudioVersion = 10.0.40219.1
Project("{FAE04EC0-301F-11D3-BF4B-00C04F79EFBC}") = "JrhTrainInfo_For_Android", "App1\JrhTrainInfo_For_Android.csproj", "{393E8083-6691-408A-8459-2558922BE5C0}"
	ProjectSection(ProjectDependencies) = postProject
		{0CDB9B64-1C30-4959-92D3-B2332524E829} = {0CDB9B64-1C30-4959-92D3-B2332524E829}
	EndProjectSection
EndProject
Project("{9A19103F-16F7-4668-BE54-9A1E7A4F7556}") = "TrainInfo Rev2", "..\TrainInfo Rev2\TrainInfo Rev2\TrainInfo Rev2.csproj", "{0CDB9B64-1C30-4959-92D3-B2332524E829}"
EndProject
Global
	GlobalSection(SolutionConfigurationPlatforms) = preSolution
		Debug|Any CPU = Debug|Any CPU
		Release|Any CPU = Release|Any CPU
	EndGlobalSection
	GlobalSection(ProjectConfigurationPlatforms) = postSolution
		{393E8083-6691-408A-8459-2558922BE5C0}.Debug|Any CPU.ActiveCfg = Debug|Any CPU
		{393E8083-6691-408A-8459-2558922BE5C0}.Debug|Any CPU.Build.0 = Debug|Any CPU
		{393E8083-6691-408A-8459-2558922BE5C0}.Debug|Any CPU.Deploy.0 = Debug|Any CPU
		{393E8083-6691-408A-8459-2558922BE5C0}.Release|Any CPU.ActiveCfg = Release|Any CPU
		{393E8083-6691-408A-8459-2558922BE5C0}.Release|Any CPU.Build.0 = Release|Any CPU
		{393E8083-6691-408A-8459-2558922BE5C0}.Release|Any CPU.Deploy.0 = Release|Any CPU
		{0CDB9B64-1C30-4959-92D3-B2332524E829}.Debug|Any CPU.ActiveCfg = Debug|Any CPU
		{0CDB9B64-1C30-4959-92D3-B2332524E829}.Debug|Any CPU.Build.0 = Debug|Any CPU
		{0CDB9B64-1C30-4959-92D3-B2332524E829}.Release|Any CPU.ActiveCfg = Release|Any CPU
		{0CDB9B64-1C30-4959-92D3-B2332524E829}.Release|Any CPU.Build.0 = Release|Any CPU
	EndGlobalSection
	GlobalSection(SolutionProperties) = preSolution
		HideSolutionNode = FALSE
	EndGlobalSection
	GlobalSection(ExtensibilityGlobals) = postSolution
		SolutionGuid = {D18D9C2B-F271-4792-A42E-B6E1E47924BC}
	EndGlobalSection
EndGlobal
